
Microsoft Visual Studio Solution File, Format Version 12.00
# Visual Studio Version 17
VisualStudioVersion = 17.13.35913.81 d17.13
MinimumVisualStudioVersion = 10.0.40219.1
Project("{FAE04EC0-301F-11D3-BF4B-00C04F79EFBC}") = "exampleapi", "exampleapi.csproj", "{00B85719-63F9-426A-8439-80882BC08C5B}"
EndProject
Global
	GlobalSection(SolutionConfigurationPlatforms) = preSolution
		Debug|Any CPU = Debug|Any CPU
		Release|Any CPU = Release|Any CPU
	EndGlobalSection
	GlobalSection(ProjectConfigurationPlatforms) = postSolution
		{00B85719-63F9-426A-8439-80882BC08C5B}.Debug|Any CPU.ActiveCfg = Debug|Any CPU
		{00B85719-63F9-426A-8439-80882BC08C5B}.Debug|Any CPU.Build.0 = Debug|Any CPU
		{00B85719-63F9-426A-8439-80882BC08C5B}.Release|Any CPU.ActiveCfg = Release|Any CPU
		{00B85719-63F9-426A-8439-80882BC08C5B}.Release|Any CPU.Build.0 = Release|Any CPU
	EndGlobalSection
	GlobalSection(SolutionProperties) = preSolution
		HideSolutionNode = FALSE
	EndGlobalSection
	GlobalSection(ExtensibilityGlobals) = postSolution
		SolutionGuid = {CAC07523-7AE1-4909-9C06-98236FCE614E}
	EndGlobalSection
EndGlobal
