
Microsoft Visual Studio Solution File, Format Version 12.00
# Visual Studio Version 17
VisualStudioVersion = 17.13.35913.81 d17.13
MinimumVisualStudioVersion = 10.0.40219.1
Project("{FAE04EC0-301F-11D3-BF4B-00C04F79EFBC}") = "ConsoleApp1", "ConsoleApp1\ConsoleApp1.csproj", "{953CD1FC-090A-4DB6-ABC3-D628144E1E6F}"
EndProject
Global
	GlobalSection(SolutionConfigurationPlatforms) = preSolution
		Debug|Any CPU = Debug|Any CPU
		Release|Any CPU = Release|Any CPU
	EndGlobalSection
	GlobalSection(ProjectConfigurationPlatforms) = postSolution
		{953CD1FC-090A-4DB6-ABC3-D628144E1E6F}.Debug|Any CPU.ActiveCfg = Debug|Any CPU
		{953CD1FC-090A-4DB6-ABC3-D628144E1E6F}.Debug|Any CPU.Build.0 = Debug|Any CPU
		{953CD1FC-090A-4DB6-ABC3-D628144E1E6F}.Release|Any CPU.ActiveCfg = Release|Any CPU
		{953CD1FC-090A-4DB6-ABC3-D628144E1E6F}.Release|Any CPU.Build.0 = Release|Any CPU
	EndGlobalSection
	GlobalSection(SolutionProperties) = preSolution
		HideSolutionNode = FALSE
	EndGlobalSection
	GlobalSection(ExtensibilityGlobals) = postSolution
		SolutionGuid = {45BD753C-66DC-41AD-BBF5-3464658C5138}
	EndGlobalSection
EndGlobal
